
Microsoft Visual Studio Solution File, Format Version 12.00
# Visual Studio Version 16
VisualStudioVersion = 16.0.30320.27
MinimumVisualStudioVersion = 10.0.40219.1
Project("{9A19103F-16F7-4668-BE54-9A1E7A4F7556}") = "CoinBinanceApi", "CoinBinanceApi\CoinBinanceApi.csproj", "{E5F85022-FE2D-410D-BD41-0E9D68249CDF}"
EndProject
Project("{FAE04EC0-301F-11D3-BF4B-00C04F79EFBC}") = "CoinBinanceApi.DBContext", "CoinBinanceApi.DBContext\CoinBinanceApi.DBContext.csproj", "{6336A3D7-0776-4CB5-87AB-584A3B78A08E}"
EndProject
Project("{FAE04EC0-301F-11D3-BF4B-00C04F79EFBC}") = "CoinBinanceApi.Common", "CoinBinanceApi.Common\CoinBinanceApi.Common.csproj", "{66D4F67D-77BB-4245-86AA-0C4C6873579E}"
EndProject
Global
	GlobalSection(SolutionConfigurationPlatforms) = preSolution
		Debug|Any CPU = Debug|Any CPU
		Release|Any CPU = Release|Any CPU
	EndGlobalSection
	GlobalSection(ProjectConfigurationPlatforms) = postSolution
		{E5F85022-FE2D-410D-BD41-0E9D68249CDF}.Debug|Any CPU.ActiveCfg = Debug|Any CPU
		{E5F85022-FE2D-410D-BD41-0E9D68249CDF}.Debug|Any CPU.Build.0 = Debug|Any CPU
		{E5F85022-FE2D-410D-BD41-0E9D68249CDF}.Release|Any CPU.ActiveCfg = Release|Any CPU
		{E5F85022-FE2D-410D-BD41-0E9D68249CDF}.Release|Any CPU.Build.0 = Release|Any CPU
		{6336A3D7-0776-4CB5-87AB-584A3B78A08E}.Debug|Any CPU.ActiveCfg = Debug|Any CPU
		{6336A3D7-0776-4CB5-87AB-584A3B78A08E}.Debug|Any CPU.Build.0 = Debug|Any CPU
		{6336A3D7-0776-4CB5-87AB-584A3B78A08E}.Release|Any CPU.ActiveCfg = Release|Any CPU
		{6336A3D7-0776-4CB5-87AB-584A3B78A08E}.Release|Any CPU.Build.0 = Release|Any CPU
		{66D4F67D-77BB-4245-86AA-0C4C6873579E}.Debug|Any CPU.ActiveCfg = Debug|Any CPU
		{66D4F67D-77BB-4245-86AA-0C4C6873579E}.Debug|Any CPU.Build.0 = Debug|Any CPU
		{66D4F67D-77BB-4245-86AA-0C4C6873579E}.Release|Any CPU.ActiveCfg = Release|Any CPU
		{66D4F67D-77BB-4245-86AA-0C4C6873579E}.Release|Any CPU.Build.0 = Release|Any CPU
	EndGlobalSection
	GlobalSection(SolutionProperties) = preSolution
		HideSolutionNode = FALSE
	EndGlobalSection
	GlobalSection(ExtensibilityGlobals) = postSolution
		SolutionGuid = {896B3E19-535B-4022-88C3-7E9E7EB260B8}
	EndGlobalSection
EndGlobal
